Microsoft Visual Studio Solution File, Format Version 11.00
# Visual Studio 2010
Project("{8BC9CEB8-8B4A-11D0-8D11-00A0C91BC942}") = "cmdline_tester", "C:/Users/LoveSan/Documents/qt/net/qjson/tests/cmdline_tester\cmdline_tester.vcxproj", "{824B2C5B-B7BB-3D9F-BF93-49E72323B396}"
EndProject
Project("{8BC9CEB8-8B4A-11D0-8D11-00A0C91BC942}") = "parser", "C:/Users/LoveSan/Documents/qt/net/qjson/tests/parser\parser.vcxproj", "{E47E7DBE-3D27-3ED0-BA80-1D1C0752F30E}"
EndProject
Project("{8BC9CEB8-8B4A-11D0-8D11-00A0C91BC942}") = "qobjecthelper", "C:/Users/LoveSan/Documents/qt/net/qjson/tests/qobjecthelper\qobjecthelper.vcxproj", "{3472D8D1-A87D-3A9F-AEFF-02377394FCF3}"
EndProject
Project("{8BC9CEB8-8B4A-11D0-8D11-00A0C91BC942}") = "serializer", "C:/Users/LoveSan/Documents/qt/net/qjson/tests/serializer\serializer.vcxproj", "{B60EE463-5C3B-32C8-B076-7B92BF6C78F4}"
EndProject
Global
	GlobalSection(SolutionConfiguration) = preSolution
		ConfigName.0 = Debug|Win32
		ConfigName.1 = Release|Win32
	EndGlobalSection
	GlobalSection(ProjectDependencies) = postSolution
	EndGlobalSection
	GlobalSection(ProjectConfiguration) = postSolution
		{824B2C5B-B7BB-3D9F-BF93-49E72323B396}.Debug|Win32.ActiveCfg = Debug|Win32
		{824B2C5B-B7BB-3D9F-BF93-49E72323B396}.Debug|Win32.Build.0 = Debug|Win32
		{824B2C5B-B7BB-3D9F-BF93-49E72323B396}.Release|Win32.ActiveCfg = Release|Win32
		{824B2C5B-B7BB-3D9F-BF93-49E72323B396}.Release|Win32.Build.0 = Release|Win32
		{E47E7DBE-3D27-3ED0-BA80-1D1C0752F30E}.Debug|Win32.ActiveCfg = Debug|Win32
		{E47E7DBE-3D27-3ED0-BA80-1D1C0752F30E}.Debug|Win32.Build.0 = Debug|Win32
		{E47E7DBE-3D27-3ED0-BA80-1D1C0752F30E}.Release|Win32.ActiveCfg = Release|Win32
		{E47E7DBE-3D27-3ED0-BA80-1D1C0752F30E}.Release|Win32.Build.0 = Release|Win32
		{3472D8D1-A87D-3A9F-AEFF-02377394FCF3}.Debug|Win32.ActiveCfg = Debug|Win32
		{3472D8D1-A87D-3A9F-AEFF-02377394FCF3}.Debug|Win32.Build.0 = Debug|Win32
		{3472D8D1-A87D-3A9F-AEFF-02377394FCF3}.Release|Win32.ActiveCfg = Release|Win32
		{3472D8D1-A87D-3A9F-AEFF-02377394FCF3}.Release|Win32.Build.0 = Release|Win32
		{B60EE463-5C3B-32C8-B076-7B92BF6C78F4}.Debug|Win32.ActiveCfg = Debug|Win32
		{B60EE463-5C3B-32C8-B076-7B92BF6C78F4}.Debug|Win32.Build.0 = Debug|Win32
		{B60EE463-5C3B-32C8-B076-7B92BF6C78F4}.Release|Win32.ActiveCfg = Release|Win32
		{B60EE463-5C3B-32C8-B076-7B92BF6C78F4}.Release|Win32.Build.0 = Release|Win32
	EndGlobalSection
	GlobalSection(ExtensibilityGlobals) = postSolution
	EndGlobalSection
	GlobalSection(ExtensibilityAddIns) = postSolution
	EndGlobalSection
EndGlobal